// !$*UTF8*$!
{
	archiveVersion = 1;
	classes = {
	};
	objectVersion = 50;
	objects = {

/* Begin PBXBuildFile section */
		7DFC68412631C530007AAA6B /* AppDelegate.swift in Sources */ = {isa = PBXBuildFile; fileRef = 7DFC68402631C530007AAA6B /* AppDelegate.swift */; };
		7DFC68432631C530007AAA6B /* SceneDelegate.swift in Sources */ = {isa = PBXBuildFile; fileRef = 7DFC68422631C530007AAA6B /* SceneDelegate.swift */; };
		7DFC68452631C530007AAA6B /* ViewController.swift in Sources */ = {isa = PBXBuildFile; fileRef = 7DFC68442631C530007AAA6B /* ViewController.swift */; };
		7DFC68482631C530007AAA6B /* Main.storyboard in Resources */ = {isa = PBXBuildFile; fileRef = 7DFC68462631C530007AAA6B /* Main.storyboard */; };
		7DFC684B2631C530007AAA6B /* semana7.xcdatamodeld in Sources */ = {isa = PBXBuildFile; fileRef = 7DFC68492631C530007AAA6B /* semana7.xcdatamodeld */; };
		7DFC684D2631C532007AAA6B /* Assets.xcassets in Resources */ = {isa = PBXBuildFile; fileRef = 7DFC684C2631C532007AAA6B /* Assets.xcassets */; };
		7DFC68502631C532007AAA6B /* LaunchScreen.storyboard in Resources */ = {isa = PBXBuildFile; fileRef = 7DFC684E2631C532007AAA6B /* LaunchScreen.storyboard */; };
/* End PBXBuildFile section */

/* Begin PBXFileReference section */
		7DFC683D2631C530007AAA6B /* semana7.app */ = {isa = PBXFileReference; explicitFileType = wrapper.application; includeInIndex = 0; path = semana7.app; sourceTree = BUILT_PRODUCTS_DIR; };
		7DFC68402631C530007AAA6B /* AppDelegate.swift */ = {isa = PBXFileReference; lastKnownFileType = sourcecode.swift; path = AppDelegate.swift; sourceTree = "<group>"; };
		7DFC68422631C530007AAA6B /* SceneDelegate.swift */ = {isa = PBXFileReference; lastKnownFileType = sourcecode.swift; path = SceneDelegate.swift; sourceTree = "<group>"; };
		7DFC68442631C530007AAA6B /* ViewController.swift */ = {isa = PBXFileReference; lastKnownFileType = sourcecode.swift; path = ViewController.swift; sourceTree = "<group>"; };
		7DFC68472631C530007AAA6B /* Base */ = {isa = PBXFileReference; lastKnownFileType = file.storyboard; name = Base; path = Base.lproj/Main.storyboard; sourceTree = "<group>"; };
		7DFC684A2631C530007AAA6B /* semana7.xcdatamodel */ = {isa = PBXFileReference; lastKnownFileType = wrapper.xcdatamodel; path = semana7.xcdatamodel; sourceTree = "<group>"; };
		7DFC684C2631C532007AAA6B /* Assets.xcassets */ = {isa = PBXFileReference; lastKnownFileType = folder.assetcatalog; path = Assets.xcassets; sourceTree = "<group>"; };
		7DFC684F2631C532007AAA6B /* Base */ = {isa = PBXFileReference; lastKnownFileType = file.storyboard; name = Base; path = Base.lproj/LaunchScreen.storyboard; sourceTree = "<group>"; };
		7DFC68512631C532007AAA6B /* Info.plist */ = {isa = PBXFileReference; lastKnownFileType = text.plist.xml; path = Info.plist; sourceTree = "<group>"; };
/* End PBXFileReference section */

/* Begin PBXFrameworksBuildPhase section */
		7DFC683A2631C530007AAA6B /* Frameworks */ = {
			isa = PBXFrameworksBuildPhase;
			buildActionMask = 2147483647;
			files = (
			);
			runOnlyForDeploymentPostprocessing = 0;
		};
/* End PBXFrameworksBuildPhase section */

/* Begin PBXGroup section */
		7DFC68342631C530007AAA6B = {
			isa = PBXGroup;
			children = (
				7DFC683F2631C530007AAA6B /* semana7 */,
				7DFC683E2631C530007AAA6B /* Products */,
			);
			sourceTree = "<group>";
		};
		7DFC683E2631C530007AAA6B /* Products */ = {
			isa = PBXGroup;
			children = (
				7DFC683D2631C530007AAA6B /* semana7.app */,
			);
			name = Products;
			sourceTree = "<group>";
		};
		7DFC683F2631C530007AAA6B /* semana7 */ = {
			isa = PBXGroup;
			children = (
				7DFC68402631C530007AAA6B /* AppDelegate.swift */,
				7DFC68422631C530007AAA6B /* SceneDelegate.swift */,
				7DFC68442631C530007AAA6B /* ViewController.swift */,
				7DFC68462631C530007AAA6B /* Main.storyboard */,
				7DFC684C2631C532007AAA6B /* Assets.xcassets */,
				7DFC684E2631C532007AAA6B /* LaunchScreen.storyboard */,
				7DFC68512631C532007AAA6B /* Info.plist */,
				7DFC68492631C530007AAA6B /* semana7.xcdatamodeld */,
			);
			path = semana7;
			sourceTree = "<group>";
		};
/* End PBXGroup section */

/* Begin PBXNativeTarget section */
		7DFC683C2631C530007AAA6B /* semana7 */ = {
			isa = PBXNativeTarget;
			buildConfigurationList = 7DFC68542631C532007AAA6B /* Build configuration list for PBXNativeTarget "semana7" */;
			buildPhases = (
				7DFC68392631C530007AAA6B /* Sources */,
				7DFC683A2631C530007AAA6B /* Frameworks */,
				7DFC683B2631C530007AAA6B /* Resources */,
			);
			buildRules = (
			);
			dependencies = (
			);
			name = semana7;
			productName = semana7;
			productReference = 7DFC683D2631C530007AAA6B /* semana7.app */;
			productType = "com.apple.product-type.application";
		};
/* End PBXNativeTarget section */

/* Begin PBXProject section */
		7DFC68352631C530007AAA6B /* Project object */ = {
			isa = PBXProject;
			attributes = {
				LastSwiftUpdateCheck = 1240;
				LastUpgradeCheck = 1240;
				TargetAttributes = {
					7DFC683C2631C530007AAA6B = {
						CreatedOnToolsVersion = 12.4;
					};
				};
			};
			buildConfigurationList = 7DFC68382631C530007AAA6B /* Build configuration list for PBXProject "semana7" */;
			compatibilityVersion = "Xcode 9.3";
			developmentRegion = en;
			hasScannedForEncodings = 0;
			knownRegions = (
				en,
				Base,
			);
			mainGroup = 7DFC68342631C530007AAA6B;
			productRefGroup = 7DFC683E2631C530007AAA6B /* Products */;
			projectDirPath = "";
			projectRoot = "";
			targets = (
				7DFC683C2631C530007AAA6B /* semana7 */,
			);
		};
/* End PBXProject section */

/* Begin PBXResourcesBuildPhase section */
		7DFC683B2631C530007AAA6B /* Resources */ = {
			isa = PBXResourcesBuildPhase;
			buildActionMask = 2147483647;
			files = (
				7DFC68502631C532007AAA6B /* LaunchScreen.storyboard in Resources */,
				7DFC684D2631C532007AAA6B /* Assets.xcassets in Resources */,
				7DFC68482631C530007AAA6B /* Main.storyboard in Resources */,
			);
			runOnlyForDeploymentPostprocessing = 0;
		};
/* End PBXResourcesBuildPhase section */

/* Begin PBXSourcesBuildPhase section */
		7DFC68392631C530007AAA6B /* Sources */ = {
			isa = PBXSourcesBuildPhase;
			buildActionMask = 2147483647;
			files = (
				7DFC684B2631C530007AAA6B /* semana7.xcdatamodeld in Sources */,
				7DFC68452631C530007AAA6B /* ViewController.swift in Sources */,
				7DFC68412631C530007AAA6B /* AppDelegate.swift in Sources */,
				7DFC68432631C530007AAA6B /* SceneDelegate.swift in Sources */,
			);
			runOnlyForDeploymentPostprocessing = 0;
		};
/* End PBXSourcesBuildPhase section */

/* Begin PBXVariantGroup section */
		7DFC68462631C530007AAA6B /* Main.storyboard */ = {
			isa = PBXVariantGroup;
			children = (
				7DFC68472631C530007AAA6B /* Base */,
			);
			name = Main.storyboard;
			sourceTree = "<group>";
		};
		7DFC684E2631C532007AAA6B /* LaunchScreen.storyboard */ = {
			isa = PBXVariantGroup;
			children = (
				7DFC684F2631C532007AAA6B /* Base */,
			);
			name = LaunchScreen.storyboard;
			sourceTree = "<group>";
		};
/* End PBXVariantGroup section */

/* Begin XCBuildConfiguration section */
		7DFC68522631C532007AAA6B /* Debug */ = {
			isa = XCBuildConfiguration;
			buildSettings = {
				ALWAYS_SEARCH_USER_PATHS = NO;
				CLANG_ANALYZER_NONNULL = YES;
				CLANG_ANALYZER_NUMBER_OBJECT_CONVERSION = YES_AGGRESSIVE;
				CLANG_CXX_LANGUAGE_STANDARD = "gnu++14";
				CLANG_CXX_LIBRARY = "libc++";
				CLANG_ENABLE_MODULES = YES;
				CLANG_ENABLE_OBJC_ARC = YES;
				CLANG_ENABLE_OBJC_WEAK = YES;
				CLANG_WARN_BLOCK_CAPTURE_AUTORELEASING = YES;
				CLANG_WARN_BOOL_CONVERSION = YES;
				CLANG_WARN_COMMA = YES;
				CLANG_WARN_CONSTANT_CONVERSION = YES;
				CLANG_WARN_DEPRECATED_OBJC_IMPLEMENTATIONS = YES;
				CLANG_WARN_DIRECT_OBJC_ISA_USAGE = YES_ERROR;
				CLANG_WARN_DOCUMENTATION_COMMENTS = YES;
				CLANG_WARN_EMPTY_BODY = YES;
				CLANG_WARN_ENUM_CONVERSION = YES;
				CLANG_WARN_INFINITE_RECURSION = YES;
				CLANG_WARN_INT_CONVERSION = YES;
				CLANG_WARN_NON_LITERAL_NULL_CONVERSION = YES;
				CLANG_WARN_OBJC_IMPLICIT_RETAIN_SELF = YES;
				CLANG_WARN_OBJC_LITERAL_CONVERSION = YES;
				CLANG_WARN_OBJC_ROOT_CLASS = YES_ERROR;
				CLANG_WARN_QUOTED_INCLUDE_IN_FRAMEWORK_HEADER = YES;
				CLANG_WARN_RANGE_LOOP_ANALYSIS = YES;
				CLANG_WARN_STRICT_PROTOTYPES = YES;
				CLANG_WARN_SUSPICIOUS_MOVE = YES;
				CLANG_WARN_UNGUARDED_AVAILABILITY = YES_AGGRESSIVE;
				CLANG_WARN_UNREACHABLE_CODE = YES;
				CLANG_WARN__DUPLICATE_METHOD_MATCH = YES;
				COPY_PHASE_STRIP = NO;
				DEBUG_INFORMATION_FORMAT = dwarf;
				ENABLE_STRICT_OBJC_MSGSEND = YES;
				ENABLE_TESTABILITY = YES;
				GCC_C_LANGUAGE_STANDARD = gnu11;
				GCC_DYNAMIC_NO_PIC = NO;
				GCC_NO_COMMON_BLOCKS = YES;
				GCC_OPTIMIZATION_LEVEL = 0;
				GCC_PREPROCESSOR_DEFINITIONS = (
					"DEBUG=1",
					"$(inherited)",
				);
				GCC_WARN_64_TO_32_BIT_CONVERSION = YES;
				GCC_WARN_ABOUT_RETURN_TYPE = YES_ERROR;
				GCC_WARN_UNDECLARED_SELECTOR = YES;
				GCC_WARN_UNINITIALIZED_AUTOS = YES_AGGRESSIVE;
				GCC_WARN_UNUSED_FUNCTION = YES;
				GCC_WARN_UNUSED_VARIABLE = YES;
				IPHONEOS_DEPLOYMENT_TARGET = 14.4;
				MTL_ENABLE_DEBUG_INFO = INCLUDE_SOURCE;
				MTL_FAST_MATH = YES;
				ONLY_ACTIVE_ARCH = YES;
				SDKROOT = iphoneos;
				SWIFT_ACTIVE_COMPILATION_CONDITIONS = DEBUG;
				SWIFT_OPTIMIZATION_LEVEL = "-Onone";
			};
			name = Debug;
		};
		7DFC68532631C532007AAA6B /* Release */ = {
			isa = XCBuildConfiguration;
			buildSettings = {
				ALWAYS_SEARCH_USER_PATHS = NO;
				CLANG_ANALYZER_NONNULL = YES;
				CLANG_ANALYZER_NUMBER_OBJECT_CONVERSION = YES_AGGRESSIVE;
				CLANG_CXX_LANGUAGE_STANDARD = "gnu++14";
				CLANG_CXX_LIBRARY = "libc++";
				CLANG_ENABLE_MODULES = YES;
				CLANG_ENABLE_OBJC_ARC = YES;
				CLANG_ENABLE_OBJC_WEAK = YES;
				CLANG_WARN_BLOCK_CAPTURE_AUTORELEASING = YES;
				CLANG_WARN_BOOL_CONVERSION = YES;
				CLANG_WARN_COMMA = YES;
				CLANG_WARN_CONSTANT_CONVERSION = YES;
				CLANG_WARN_DEPRECATED_OBJC_IMPLEMENTATIONS = YES;
				CLANG_WARN_DIRECT_OBJC_ISA_USAGE = YES_ERROR;
				CLANG_WARN_DOCUMENTATION_COMMENTS = YES;
				CLANG_WARN_EMPTY_BODY = YES;
				CLANG_WARN_ENUM_CONVERSION = YES;
				CLANG_WARN_INFINITE_RECURSION = YES;
				CLANG_WARN_INT_CONVERSION = YES;
				CLANG_WARN_NON_LITERAL_NULL_CONVERSION = YES;
				CLANG_WARN_OBJC_IMPLICIT_RETAIN_SELF = YES;
				CLANG_WARN_OBJC_LITERAL_CONVERSION = YES;
				CLANG_WARN_OBJC_ROOT_CLASS = YES_ERROR;
				CLANG_WARN_QUOTED_INCLUDE_IN_FRAMEWORK_HEADER = YES;
				CLANG_WARN_RANGE_LOOP_ANALYSIS = YES;
				CLANG_WARN_STRICT_PROTOTYPES = YES;
				CLANG_WARN_SUSPICIOUS_MOVE = YES;
				CLANG_WARN_UNGUARDED_AVAILABILITY = YES_AGGRESSIVE;
				CLANG_WARN_UNREACHABLE_CODE = YES;
				CLANG_WARN__DUPLICATE_METHOD_MATCH = YES;
				COPY_PHASE_STRIP = NO;
				DEBUG_INFORMATION_FORMAT = "dwarf-with-dsym";
				ENABLE_NS_ASSERTIONS = NO;
				ENABLE_STRICT_OBJC_MSGSEND = YES;
				GCC_C_LANGUAGE_STANDARD = gnu11;
				GCC_NO_COMMON_BLOCKS = YES;
				GCC_WARN_64_TO_32_BIT_CONVERSION = YES;
				GCC_WARN_ABOUT_RETURN_TYPE = YES_ERROR;
				GCC_WARN_UNDECLARED_SELECTOR = YES;
				GCC_WARN_UNINITIALIZED_AUTOS = YES_AGGRESSIVE;
				GCC_WARN_UNUSED_FUNCTION = YES;
				GCC_WARN_UNUSED_VARIABLE = YES;
				IPHONEOS_DEPLOYMENT_TARGET = 14.4;
				MTL_ENABLE_DEBUG_INFO = NO;
				MTL_FAST_MATH = YES;
				SDKROOT = iphoneos;
				SWIFT_COMPILATION_MODE = wholemodule;
				SWIFT_OPTIMIZATION_LEVEL = "-O";
				VALIDATE_PRODUCT = YES;
			};
			name = Release;
		};
		7DFC68552631C532007AAA6B /* Debug */ = {
			isa = XCBuildConfiguration;
			buildSettings = {
				ASSETCATALOG_COMPILER_APPICON_NAME = AppIcon;
				ASSETCATALOG_COMPILER_GLOBAL_ACCENT_COLOR_NAME = AccentColor;
				CODE_SIGN_STYLE = Automatic;
				INFOPLIST_FILE = semana7/Info.plist;
				LD_RUNPATH_SEARCH_PATHS = (
					"$(inherited)",
					"@executable_path/Frameworks",
				);
				PRODUCT_BUNDLE_IDENTIFIER = com.tecsup.semana7;
				PRODUCT_NAME = "$(TARGET_NAME)";
				SWIFT_VERSION = 5.0;
				TARGETED_DEVICE_FAMILY = "1,2";
			};
			name = Debug;
		};
		7DFC68562631C532007AAA6B /* Release */ = {
			isa = XCBuildConfiguration;
			buildSettings = {
				ASSETCATALOG_COMPILER_APPICON_NAME = AppIcon;
				ASSETCATALOG_COMPILER_GLOBAL_ACCENT_COLOR_NAME = AccentColor;
				CODE_SIGN_STYLE = Automatic;
				INFOPLIST_FILE = semana7/Info.plist;
				LD_RUNPATH_SEARCH_PATHS = (
					"$(inherited)",
					"@executable_path/Frameworks",
				);
				PRODUCT_BUNDLE_IDENTIFIER = com.tecsup.semana7;
				PRODUCT_NAME = "$(TARGET_NAME)";
				SWIFT_VERSION = 5.0;
				TARGETED_DEVICE_FAMILY = "1,2";
			};
			name = Release;
		};
/* End XCBuildConfiguration section */

/* Begin XCConfigurationList section */
		7DFC68382631C530007AAA6B /* Build configuration list for PBXProject "semana7" */ = {
			isa = XCConfigurationList;
			buildConfigurations = (
				7DFC68522631C532007AAA6B /* Debug */,
				7DFC68532631C532007AAA6B /* Release */,
			);
			defaultConfigurationIsVisible = 0;
			defaultConfigurationName = Release;
		};
		7DFC68542631C532007AAA6B /* Build configuration list for PBXNativeTarget "semana7" */ = {
			isa = XCConfigurationList;
			buildConfigurations = (
				7DFC68552631C532007AAA6B /* Debug */,
				7DFC68562631C532007AAA6B /* Release */,
			);
			defaultConfigurationIsVisible = 0;
			defaultConfigurationName = Release;
		};
/* End XCConfigurationList section */

/* Begin XCVersionGroup section */
		7DFC68492631C530007AAA6B /* semana7.xcdatamodeld */ = {
			isa = XCVersionGroup;
			children = (
				7DFC684A2631C530007AAA6B /* semana7.xcdatamodel */,
			);
			currentVersion = 7DFC684A2631C530007AAA6B /* semana7.xcdatamodel */;
			path = semana7.xcdatamodeld;
			sourceTree = "<group>";
			versionGroupType = wrapper.xcdatamodel;
		};
/* End XCVersionGroup section */
	};
	rootObject = 7DFC68352631C530007AAA6B /* Project object */;
}
